// !$*UTF8*$!
{
	archiveVersion = 1;
	classes = {
	};
	objectVersion = 56;
	objects = {

/* Begin PBXBuildFile section */
		417240C02BF25ED30046B7C2 /* LoginView.swift in Sources */ = {isa = PBXBuildFile; fileRef = 417240BF2BF25ED30046B7C2 /* LoginView.swift */; };
		417240C22BF25F480046B7C2 /* SignupView.swift in Sources */ = {isa = PBXBuildFile; fileRef = 417240C12BF25F480046B7C2 /* SignupView.swift */; };
		4192A2542BF00FE40012E3A8 /* DailyNutritionView.swift in Sources */ = {isa = PBXBuildFile; fileRef = 4192A2532BF00FE40012E3A8 /* DailyNutritionView.swift */; };
		BADC62932BF2B47A00B347B9 /* HomeViewModel.swift in Sources */ = {isa = PBXBuildFile; fileRef = BADC62922BF2B47A00B347B9 /* HomeViewModel.swift */; };
		BADC62972BF2B97900B347B9 /* TappedButtonStyle.swift in Sources */ = {isa = PBXBuildFile; fileRef = BADC62962BF2B97900B347B9 /* TappedButtonStyle.swift */; };
		BADC62992BF2C71C00B347B9 /* RingView.swift in Sources */ = {isa = PBXBuildFile; fileRef = BADC62982BF2C71C00B347B9 /* RingView.swift */; };
		BAF9EDBB2BE927A70051ED40 /* CaloryApp.swift in Sources */ = {isa = PBXBuildFile; fileRef = BAF9EDBA2BE927A70051ED40 /* CaloryApp.swift */; };
		BAF9EDBD2BE927A70051ED40 /* ContentView.swift in Sources */ = {isa = PBXBuildFile; fileRef = BAF9EDBC2BE927A70051ED40 /* ContentView.swift */; };
		BAF9EDBF2BE927A70051ED40 /* Item.swift in Sources */ = {isa = PBXBuildFile; fileRef = BAF9EDBE2BE927A70051ED40 /* Item.swift */; };
		BAF9EDC12BE927A80051ED40 /* Assets.xcassets in Resources */ = {isa = PBXBuildFile; fileRef = BAF9EDC02BE927A80051ED40 /* Assets.xcassets */; };
		BAF9EDC42BE927A80051ED40 /* Preview Assets.xcassets in Resources */ = {isa = PBXBuildFile; fileRef = BAF9EDC32BE927A80051ED40 /* Preview Assets.xcassets */; };
		BAF9EDD22BE945EF0051ED40 /* NutritionService.swift in Sources */ = {isa = PBXBuildFile; fileRef = BAF9EDD12BE945EF0051ED40 /* NutritionService.swift */; };
		BAF9EDD42BE948C70051ED40 /* NutritionInfo.swift in Sources */ = {isa = PBXBuildFile; fileRef = BAF9EDD32BE948C70051ED40 /* NutritionInfo.swift */; };
		BAF9EDD62BE94F1D0051ED40 /* APIError.swift in Sources */ = {isa = PBXBuildFile; fileRef = BAF9EDD52BE94F1D0051ED40 /* APIError.swift */; };
		BAF9EDD82BE985D60051ED40 /* HomeView.swift in Sources */ = {isa = PBXBuildFile; fileRef = BAF9EDD72BE985D50051ED40 /* HomeView.swift */; };
		BAF9EDDB2BEA79B50051ED40 /* FoodEntry.swift in Sources */ = {isa = PBXBuildFile; fileRef = BAF9EDDA2BEA79B50051ED40 /* FoodEntry.swift */; };
		BAF9EDE32BEA81700051ED40 /* AddFoodView.swift in Sources */ = {isa = PBXBuildFile; fileRef = BAF9EDE22BEA81700051ED40 /* AddFoodView.swift */; };
		BAF9EDE52BEA81F40051ED40 /* FoodEditorView.swift in Sources */ = {isa = PBXBuildFile; fileRef = BAF9EDE42BEA81F40051ED40 /* FoodEditorView.swift */; };
/* End PBXBuildFile section */

/* Begin PBXFileReference section */
		417240BF2BF25ED30046B7C2 /* LoginView.swift */ = {isa = PBXFileReference; lastKnownFileType = sourcecode.swift; path = LoginView.swift; sourceTree = "<group>"; };
		417240C12BF25F480046B7C2 /* SignupView.swift */ = {isa = PBXFileReference; lastKnownFileType = sourcecode.swift; path = SignupView.swift; sourceTree = "<group>"; };
		4192A2532BF00FE40012E3A8 /* DailyNutritionView.swift */ = {isa = PBXFileReference; lastKnownFileType = sourcecode.swift; path = DailyNutritionView.swift; sourceTree = "<group>"; };
		BADC62922BF2B47A00B347B9 /* HomeViewModel.swift */ = {isa = PBXFileReference; lastKnownFileType = sourcecode.swift; path = HomeViewModel.swift; sourceTree = "<group>"; };
		BADC62962BF2B97900B347B9 /* TappedButtonStyle.swift */ = {isa = PBXFileReference; lastKnownFileType = sourcecode.swift; path = TappedButtonStyle.swift; sourceTree = "<group>"; };
		BADC62982BF2C71C00B347B9 /* RingView.swift */ = {isa = PBXFileReference; lastKnownFileType = sourcecode.swift; path = RingView.swift; sourceTree = "<group>"; };
		BAF9EDB72BE927A70051ED40 /* Calory.app */ = {isa = PBXFileReference; explicitFileType = wrapper.application; includeInIndex = 0; path = Calory.app; sourceTree = BUILT_PRODUCTS_DIR; };
		BAF9EDBA2BE927A70051ED40 /* CaloryApp.swift */ = {isa = PBXFileReference; lastKnownFileType = sourcecode.swift; path = CaloryApp.swift; sourceTree = "<group>"; };
		BAF9EDBC2BE927A70051ED40 /* ContentView.swift */ = {isa = PBXFileReference; lastKnownFileType = sourcecode.swift; path = ContentView.swift; sourceTree = "<group>"; };
		BAF9EDBE2BE927A70051ED40 /* Item.swift */ = {isa = PBXFileReference; lastKnownFileType = sourcecode.swift; path = Item.swift; sourceTree = "<group>"; };
		BAF9EDC02BE927A80051ED40 /* Assets.xcassets */ = {isa = PBXFileReference; lastKnownFileType = folder.assetcatalog; path = Assets.xcassets; sourceTree = "<group>"; };
		BAF9EDC32BE927A80051ED40 /* Preview Assets.xcassets */ = {isa = PBXFileReference; lastKnownFileType = folder.assetcatalog; path = "Preview Assets.xcassets"; sourceTree = "<group>"; };
		BAF9EDC52BE927A80051ED40 /* Calory.entitlements */ = {isa = PBXFileReference; lastKnownFileType = text.plist.entitlements; path = Calory.entitlements; sourceTree = "<group>"; };
		BAF9EDC62BE927A80051ED40 /* Info.plist */ = {isa = PBXFileReference; lastKnownFileType = text.plist.xml; path = Info.plist; sourceTree = "<group>"; };
		BAF9EDCC2BE927FD0051ED40 /* README.md */ = {isa = PBXFileReference; lastKnownFileType = net.daringfireball.markdown; path = README.md; sourceTree = "<group>"; };
		BAF9EDD12BE945EF0051ED40 /* NutritionService.swift */ = {isa = PBXFileReference; lastKnownFileType = sourcecode.swift; path = NutritionService.swift; sourceTree = "<group>"; };
		BAF9EDD32BE948C70051ED40 /* NutritionInfo.swift */ = {isa = PBXFileReference; lastKnownFileType = sourcecode.swift; path = NutritionInfo.swift; sourceTree = "<group>"; };
		BAF9EDD52BE94F1D0051ED40 /* APIError.swift */ = {isa = PBXFileReference; lastKnownFileType = sourcecode.swift; path = APIError.swift; sourceTree = "<group>"; };
		BAF9EDD72BE985D50051ED40 /* HomeView.swift */ = {isa = PBXFileReference; lastKnownFileType = sourcecode.swift; path = HomeView.swift; sourceTree = "<group>"; };
		BAF9EDDA2BEA79B50051ED40 /* FoodEntry.swift */ = {isa = PBXFileReference; lastKnownFileType = sourcecode.swift; path = FoodEntry.swift; sourceTree = "<group>"; };
		BAF9EDE22BEA81700051ED40 /* AddFoodView.swift */ = {isa = PBXFileReference; lastKnownFileType = sourcecode.swift; path = AddFoodView.swift; sourceTree = "<group>"; };
		BAF9EDE42BEA81F40051ED40 /* FoodEditorView.swift */ = {isa = PBXFileReference; lastKnownFileType = sourcecode.swift; path = FoodEditorView.swift; sourceTree = "<group>"; };
/* End PBXFileReference section */

/* Begin PBXFrameworksBuildPhase section */
		BAF9EDB42BE927A70051ED40 /* Frameworks */ = {
			isa = PBXFrameworksBuildPhase;
			buildActionMask = 2147483647;
			files = (
			);
			runOnlyForDeploymentPostprocessing = 0;
		};
/* End PBXFrameworksBuildPhase section */

/* Begin PBXGroup section */
		BADC628F2BF2B45A00B347B9 /* ViewModels */ = {
			isa = PBXGroup;
			children = (
				BADC62922BF2B47A00B347B9 /* HomeViewModel.swift */,
			);
			path = ViewModels;
			sourceTree = "<group>";
		};
		BADC62942BF2B7A800B347B9 /* Home */ = {
			isa = PBXGroup;
			children = (
				BAF9EDD72BE985D50051ED40 /* HomeView.swift */,
				BADC62982BF2C71C00B347B9 /* RingView.swift */,
			);
			path = Home;
			sourceTree = "<group>";
		};
		BADC62952BF2B96500B347B9 /* Helpers */ = {
			isa = PBXGroup;
			children = (
				BADC62962BF2B97900B347B9 /* TappedButtonStyle.swift */,
			);
			path = Helpers;
			sourceTree = "<group>";
		};
		BAF9EDAE2BE927A70051ED40 = {
			isa = PBXGroup;
			children = (
				BAF9EDCC2BE927FD0051ED40 /* README.md */,
				BAF9EDB92BE927A70051ED40 /* Calory */,
				BAF9EDB82BE927A70051ED40 /* Products */,
			);
			sourceTree = "<group>";
		};
		BAF9EDB82BE927A70051ED40 /* Products */ = {
			isa = PBXGroup;
			children = (
				BAF9EDB72BE927A70051ED40 /* Calory.app */,
			);
			name = Products;
			sourceTree = "<group>";
		};
		BAF9EDB92BE927A70051ED40 /* Calory */ = {
			isa = PBXGroup;
			children = (
				BAF9EDBA2BE927A70051ED40 /* CaloryApp.swift */,
				BAF9EDDC2BEA7ABB0051ED40 /* Views */,
				BAF9EDD92BEA790B0051ED40 /* Models */,
				BADC628F2BF2B45A00B347B9 /* ViewModels */,
				BAF9EDCE2BE943B20051ED40 /* Networking */,
				BAF9EDDD2BEA7ACA0051ED40 /* Boilerplate */,
				BADC62952BF2B96500B347B9 /* Helpers */,
				BAF9EDC02BE927A80051ED40 /* Assets.xcassets */,
				BAF9EDC52BE927A80051ED40 /* Calory.entitlements */,
				BAF9EDC62BE927A80051ED40 /* Info.plist */,
				BAF9EDC22BE927A80051ED40 /* Preview Content */,
			);
			path = Calory;
			sourceTree = "<group>";
		};
		BAF9EDC22BE927A80051ED40 /* Preview Content */ = {
			isa = PBXGroup;
			children = (
				BAF9EDC32BE927A80051ED40 /* Preview Assets.xcassets */,
			);
			path = "Preview Content";
			sourceTree = "<group>";
		};
		BAF9EDCE2BE943B20051ED40 /* Networking */ = {
			isa = PBXGroup;
			children = (
				BAF9EDD12BE945EF0051ED40 /* NutritionService.swift */,
				BAF9EDD52BE94F1D0051ED40 /* APIError.swift */,
			);
			path = Networking;
			sourceTree = "<group>";
		};
		BAF9EDD92BEA790B0051ED40 /* Models */ = {
			isa = PBXGroup;
			children = (
				BAF9EDD32BE948C70051ED40 /* NutritionInfo.swift */,
				BAF9EDDA2BEA79B50051ED40 /* FoodEntry.swift */,
			);
			path = Models;
			sourceTree = "<group>";
		};
		BAF9EDDC2BEA7ABB0051ED40 /* Views */ = {
			isa = PBXGroup;
			children = (
				BADC62942BF2B7A800B347B9 /* Home */,
				BAF9EDE22BEA81700051ED40 /* AddFoodView.swift */,
				BAF9EDE42BEA81F40051ED40 /* FoodEditorView.swift */,
			);
			path = Views;
			sourceTree = "<group>";
		};
		BAF9EDDD2BEA7ACA0051ED40 /* Boilerplate */ = {
			isa = PBXGroup;
			children = (
				417240BF2BF25ED30046B7C2 /* LoginView.swift */,
				417240C12BF25F480046B7C2 /* SignupView.swift */,
				4192A2532BF00FE40012E3A8 /* DailyNutritionView.swift */,
				BAF9EDBC2BE927A70051ED40 /* ContentView.swift */,
				BAF9EDBE2BE927A70051ED40 /* Item.swift */,
			);
			path = Boilerplate;
			sourceTree = "<group>";
		};
/* End PBXGroup section */

/* Begin PBXNativeTarget section */
		BAF9EDB62BE927A70051ED40 /* Calory */ = {
			isa = PBXNativeTarget;
			buildConfigurationList = BAF9EDC92BE927A80051ED40 /* Build configuration list for PBXNativeTarget "Calory" */;
			buildPhases = (
				BAF9EDB32BE927A70051ED40 /* Sources */,
				BAF9EDB42BE927A70051ED40 /* Frameworks */,
				BAF9EDB52BE927A70051ED40 /* Resources */,
			);
			buildRules = (
			);
			dependencies = (
			);
			name = Calory;
			productName = Calory;
			productReference = BAF9EDB72BE927A70051ED40 /* Calory.app */;
			productType = "com.apple.product-type.application";
		};
/* End PBXNativeTarget section */

/* Begin PBXProject section */
		BAF9EDAF2BE927A70051ED40 /* Project object */ = {
			isa = PBXProject;
			attributes = {
				BuildIndependentTargetsInParallel = 1;
				LastSwiftUpdateCheck = 1500;
				LastUpgradeCheck = 1500;
				TargetAttributes = {
					BAF9EDB62BE927A70051ED40 = {
						CreatedOnToolsVersion = 15.0;
					};
				};
			};
			buildConfigurationList = BAF9EDB22BE927A70051ED40 /* Build configuration list for PBXProject "Calory" */;
			compatibilityVersion = "Xcode 14.0";
			developmentRegion = en;
			hasScannedForEncodings = 0;
			knownRegions = (
				en,
				Base,
			);
			mainGroup = BAF9EDAE2BE927A70051ED40;
			productRefGroup = BAF9EDB82BE927A70051ED40 /* Products */;
			projectDirPath = "";
			projectRoot = "";
			targets = (
				BAF9EDB62BE927A70051ED40 /* Calory */,
			);
		};
/* End PBXProject section */

/* Begin PBXResourcesBuildPhase section */
		BAF9EDB52BE927A70051ED40 /* Resources */ = {
			isa = PBXResourcesBuildPhase;
			buildActionMask = 2147483647;
			files = (
				BAF9EDC42BE927A80051ED40 /* Preview Assets.xcassets in Resources */,
				BAF9EDC12BE927A80051ED40 /* Assets.xcassets in Resources */,
			);
			runOnlyForDeploymentPostprocessing = 0;
		};
/* End PBXResourcesBuildPhase section */

/* Begin PBXSourcesBuildPhase section */
		BAF9EDB32BE927A70051ED40 /* Sources */ = {
			isa = PBXSourcesBuildPhase;
			buildActionMask = 2147483647;
			files = (
				417240C22BF25F480046B7C2 /* SignupView.swift in Sources */,
				BAF9EDE32BEA81700051ED40 /* AddFoodView.swift in Sources */,
				4192A2542BF00FE40012E3A8 /* DailyNutritionView.swift in Sources */,
				BAF9EDD42BE948C70051ED40 /* NutritionInfo.swift in Sources */,
				BAF9EDD82BE985D60051ED40 /* HomeView.swift in Sources */,
				BADC62992BF2C71C00B347B9 /* RingView.swift in Sources */,
				BAF9EDBD2BE927A70051ED40 /* ContentView.swift in Sources */,
				BAF9EDBF2BE927A70051ED40 /* Item.swift in Sources */,
				BAF9EDDB2BEA79B50051ED40 /* FoodEntry.swift in Sources */,
				BAF9EDE52BEA81F40051ED40 /* FoodEditorView.swift in Sources */,
				BAF9EDBB2BE927A70051ED40 /* CaloryApp.swift in Sources */,
				417240C02BF25ED30046B7C2 /* LoginView.swift in Sources */,
				BAF9EDD22BE945EF0051ED40 /* NutritionService.swift in Sources */,
				BADC62972BF2B97900B347B9 /* TappedButtonStyle.swift in Sources */,
				BADC62932BF2B47A00B347B9 /* HomeViewModel.swift in Sources */,
				BAF9EDD62BE94F1D0051ED40 /* APIError.swift in Sources */,
			);
			runOnlyForDeploymentPostprocessing = 0;
		};
/* End PBXSourcesBuildPhase section */

/* Begin XCBuildConfiguration section */
		BAF9EDC72BE927A80051ED40 /* Debug */ = {
			isa = XCBuildConfiguration;
			buildSettings = {
				ALWAYS_SEARCH_USER_PATHS = NO;
				ASSETCATALOG_COMPILER_GENERATE_SWIFT_ASSET_SYMBOL_EXTENSIONS = YES;
				CLANG_ANALYZER_NONNULL = YES;
				CLANG_ANALYZER_NUMBER_OBJECT_CONVERSION = YES_AGGRESSIVE;
				CLANG_CXX_LANGUAGE_STANDARD = "gnu++20";
				CLANG_ENABLE_MODULES = YES;
				CLANG_ENABLE_OBJC_ARC = YES;
				CLANG_ENABLE_OBJC_WEAK = YES;
				CLANG_WARN_BLOCK_CAPTURE_AUTORELEASING = YES;
				CLANG_WARN_BOOL_CONVERSION = YES;
				CLANG_WARN_COMMA = YES;
				CLANG_WARN_CONSTANT_CONVERSION = YES;
				CLANG_WARN_DEPRECATED_OBJC_IMPLEMENTATIONS = YES;
				CLANG_WARN_DIRECT_OBJC_ISA_USAGE = YES_ERROR;
				CLANG_WARN_DOCUMENTATION_COMMENTS = YES;
				CLANG_WARN_EMPTY_BODY = YES;
				CLANG_WARN_ENUM_CONVERSION = YES;
				CLANG_WARN_INFINITE_RECURSION = YES;
				CLANG_WARN_INT_CONVERSION = YES;
				CLANG_WARN_NON_LITERAL_NULL_CONVERSION = YES;
				CLANG_WARN_OBJC_IMPLICIT_RETAIN_SELF = YES;
				CLANG_WARN_OBJC_LITERAL_CONVERSION = YES;
				CLANG_WARN_OBJC_ROOT_CLASS = YES_ERROR;
				CLANG_WARN_QUOTED_INCLUDE_IN_FRAMEWORK_HEADER = YES;
				CLANG_WARN_RANGE_LOOP_ANALYSIS = YES;
				CLANG_WARN_STRICT_PROTOTYPES = YES;
				CLANG_WARN_SUSPICIOUS_MOVE = YES;
				CLANG_WARN_UNGUARDED_AVAILABILITY = YES_AGGRESSIVE;
				CLANG_WARN_UNREACHABLE_CODE = YES;
				CLANG_WARN__DUPLICATE_METHOD_MATCH = YES;
				COPY_PHASE_STRIP = NO;
				DEBUG_INFORMATION_FORMAT = dwarf;
				ENABLE_STRICT_OBJC_MSGSEND = YES;
				ENABLE_TESTABILITY = YES;
				ENABLE_USER_SCRIPT_SANDBOXING = YES;
				GCC_C_LANGUAGE_STANDARD = gnu17;
				GCC_DYNAMIC_NO_PIC = NO;
				GCC_NO_COMMON_BLOCKS = YES;
				GCC_OPTIMIZATION_LEVEL = 0;
				GCC_PREPROCESSOR_DEFINITIONS = (
					"DEBUG=1",
					"$(inherited)",
				);
				GCC_WARN_64_TO_32_BIT_CONVERSION = YES;
				GCC_WARN_ABOUT_RETURN_TYPE = YES_ERROR;
				GCC_WARN_UNDECLARED_SELECTOR = YES;
				GCC_WARN_UNINITIALIZED_AUTOS = YES_AGGRESSIVE;
				GCC_WARN_UNUSED_FUNCTION = YES;
				GCC_WARN_UNUSED_VARIABLE = YES;
				IPHONEOS_DEPLOYMENT_TARGET = 17.0;
				LOCALIZATION_PREFERS_STRING_CATALOGS = YES;
				MTL_ENABLE_DEBUG_INFO = INCLUDE_SOURCE;
				MTL_FAST_MATH = YES;
				ONLY_ACTIVE_ARCH = YES;
				SDKROOT = iphoneos;
				SWIFT_ACTIVE_COMPILATION_CONDITIONS = "DEBUG $(inherited)";
				SWIFT_OPTIMIZATION_LEVEL = "-Onone";
			};
			name = Debug;
		};
		BAF9EDC82BE927A80051ED40 /* Release */ = {
			isa = XCBuildConfiguration;
			buildSettings = {
				ALWAYS_SEARCH_USER_PATHS = NO;
				ASSETCATALOG_COMPILER_GENERATE_SWIFT_ASSET_SYMBOL_EXTENSIONS = YES;
				CLANG_ANALYZER_NONNULL = YES;
				CLANG_ANALYZER_NUMBER_OBJECT_CONVERSION = YES_AGGRESSIVE;
				CLANG_CXX_LANGUAGE_STANDARD = "gnu++20";
				CLANG_ENABLE_MODULES = YES;
				CLANG_ENABLE_OBJC_ARC = YES;
				CLANG_ENABLE_OBJC_WEAK = YES;
				CLANG_WARN_BLOCK_CAPTURE_AUTORELEASING = YES;
				CLANG_WARN_BOOL_CONVERSION = YES;
				CLANG_WARN_COMMA = YES;
				CLANG_WARN_CONSTANT_CONVERSION = YES;
				CLANG_WARN_DEPRECATED_OBJC_IMPLEMENTATIONS = YES;
				CLANG_WARN_DIRECT_OBJC_ISA_USAGE = YES_ERROR;
				CLANG_WARN_DOCUMENTATION_COMMENTS = YES;
				CLANG_WARN_EMPTY_BODY = YES;
				CLANG_WARN_ENUM_CONVERSION = YES;
				CLANG_WARN_INFINITE_RECURSION = YES;
				CLANG_WARN_INT_CONVERSION = YES;
				CLANG_WARN_NON_LITERAL_NULL_CONVERSION = YES;
				CLANG_WARN_OBJC_IMPLICIT_RETAIN_SELF = YES;
				CLANG_WARN_OBJC_LITERAL_CONVERSION = YES;
				CLANG_WARN_OBJC_ROOT_CLASS = YES_ERROR;
				CLANG_WARN_QUOTED_INCLUDE_IN_FRAMEWORK_HEADER = YES;
				CLANG_WARN_RANGE_LOOP_ANALYSIS = YES;
				CLANG_WARN_STRICT_PROTOTYPES = YES;
				CLANG_WARN_SUSPICIOUS_MOVE = YES;
				CLANG_WARN_UNGUARDED_AVAILABILITY = YES_AGGRESSIVE;
				CLANG_WARN_UNREACHABLE_CODE = YES;
				CLANG_WARN__DUPLICATE_METHOD_MATCH = YES;
				COPY_PHASE_STRIP = NO;
				DEBUG_INFORMATION_FORMAT = "dwarf-with-dsym";
				ENABLE_NS_ASSERTIONS = NO;
				ENABLE_STRICT_OBJC_MSGSEND = YES;
				ENABLE_USER_SCRIPT_SANDBOXING = YES;
				GCC_C_LANGUAGE_STANDARD = gnu17;
				GCC_NO_COMMON_BLOCKS = YES;
				GCC_WARN_64_TO_32_BIT_CONVERSION = YES;
				GCC_WARN_ABOUT_RETURN_TYPE = YES_ERROR;
				GCC_WARN_UNDECLARED_SELECTOR = YES;
				GCC_WARN_UNINITIALIZED_AUTOS = YES_AGGRESSIVE;
				GCC_WARN_UNUSED_FUNCTION = YES;
				GCC_WARN_UNUSED_VARIABLE = YES;
				IPHONEOS_DEPLOYMENT_TARGET = 17.0;
				LOCALIZATION_PREFERS_STRING_CATALOGS = YES;
				MTL_ENABLE_DEBUG_INFO = NO;
				MTL_FAST_MATH = YES;
				SDKROOT = iphoneos;
				SWIFT_COMPILATION_MODE = wholemodule;
				VALIDATE_PRODUCT = YES;
			};
			name = Release;
		};
		BAF9EDCA2BE927A80051ED40 /* Debug */ = {
			isa = XCBuildConfiguration;
			buildSettings = {
				ASSETCATALOG_COMPILER_APPICON_NAME = AppIcon;
				ASSETCATALOG_COMPILER_GLOBAL_ACCENT_COLOR_NAME = AccentColor;
				CODE_SIGN_ENTITLEMENTS = Calory/Calory.entitlements;
				CODE_SIGN_STYLE = Automatic;
				CURRENT_PROJECT_VERSION = 1;
				DEVELOPMENT_ASSET_PATHS = "\"Calory/Preview Content\"";
				DEVELOPMENT_TEAM = YX56X85BZA;
				ENABLE_PREVIEWS = YES;
				GENERATE_INFOPLIST_FILE = YES;
				INFOPLIST_FILE = Calory/Info.plist;
				INFOPLIST_KEY_UIApplicationSceneManifest_Generation = YES;
				INFOPLIST_KEY_UIApplicationSupportsIndirectInputEvents = YES;
				INFOPLIST_KEY_UILaunchScreen_Generation = YES;
				INFOPLIST_KEY_UISupportedInterfaceOrientations_iPad = "UIInterfaceOrientationPortrait UIInterfaceOrientationPortraitUpsideDown UIInterfaceOrientationLandscapeLeft UIInterfaceOrientationLandscapeRight";
				INFOPLIST_KEY_UISupportedInterfaceOrientations_iPhone = "UIInterfaceOrientationPortrait UIInterfaceOrientationLandscapeLeft UIInterfaceOrientationLandscapeRight";
				LD_RUNPATH_SEARCH_PATHS = (
					"$(inherited)",
					"@executable_path/Frameworks",
				);
				MARKETING_VERSION = 1.0;
				PRODUCT_BUNDLE_IDENTIFIER = com.uow.calory.Calory;
				PRODUCT_NAME = "$(TARGET_NAME)";
				SWIFT_EMIT_LOC_STRINGS = YES;
				SWIFT_VERSION = 5.0;
				TARGETED_DEVICE_FAMILY = "1,2";
			};
			name = Debug;
		};
		BAF9EDCB2BE927A80051ED40 /* Release */ = {
			isa = XCBuildConfiguration;
			buildSettings = {
				ASSETCATALOG_COMPILER_APPICON_NAME = AppIcon;
				ASSETCATALOG_COMPILER_GLOBAL_ACCENT_COLOR_NAME = AccentColor;
				CODE_SIGN_ENTITLEMENTS = Calory/Calory.entitlements;
				CODE_SIGN_STYLE = Automatic;
				CURRENT_PROJECT_VERSION = 1;
				DEVELOPMENT_ASSET_PATHS = "\"Calory/Preview Content\"";
				DEVELOPMENT_TEAM = YX56X85BZA;
				ENABLE_PREVIEWS = YES;
				GENERATE_INFOPLIST_FILE = YES;
				INFOPLIST_FILE = Calory/Info.plist;
				INFOPLIST_KEY_UIApplicationSceneManifest_Generation = YES;
				INFOPLIST_KEY_UIApplicationSupportsIndirectInputEvents = YES;
				INFOPLIST_KEY_UILaunchScreen_Generation = YES;
				INFOPLIST_KEY_UISupportedInterfaceOrientations_iPad = "UIInterfaceOrientationPortrait UIInterfaceOrientationPortraitUpsideDown UIInterfaceOrientationLandscapeLeft UIInterfaceOrientationLandscapeRight";
				INFOPLIST_KEY_UISupportedInterfaceOrientations_iPhone = "UIInterfaceOrientationPortrait UIInterfaceOrientationLandscapeLeft UIInterfaceOrientationLandscapeRight";
				LD_RUNPATH_SEARCH_PATHS = (
					"$(inherited)",
					"@executable_path/Frameworks",
				);
				MARKETING_VERSION = 1.0;
				PRODUCT_BUNDLE_IDENTIFIER = com.uow.calory.Calory;
				PRODUCT_NAME = "$(TARGET_NAME)";
				SWIFT_EMIT_LOC_STRINGS = YES;
				SWIFT_VERSION = 5.0;
				TARGETED_DEVICE_FAMILY = "1,2";
			};
			name = Release;
		};
/* End XCBuildConfiguration section */

/* Begin XCConfigurationList section */
		BAF9EDB22BE927A70051ED40 /* Build configuration list for PBXProject "Calory" */ = {
			isa = XCConfigurationList;
			buildConfigurations = (
				BAF9EDC72BE927A80051ED40 /* Debug */,
				BAF9EDC82BE927A80051ED40 /* Release */,
			);
			defaultConfigurationIsVisible = 0;
			defaultConfigurationName = Release;
		};
		BAF9EDC92BE927A80051ED40 /* Build configuration list for PBXNativeTarget "Calory" */ = {
			isa = XCConfigurationList;
			buildConfigurations = (
				BAF9EDCA2BE927A80051ED40 /* Debug */,
				BAF9EDCB2BE927A80051ED40 /* Release */,
			);
			defaultConfigurationIsVisible = 0;
			defaultConfigurationName = Release;
		};
/* End XCConfigurationList section */
	};
	rootObject = BAF9EDAF2BE927A70051ED40 /* Project object */;
}
